{
  "name": "semantic-ui-css",
  "version": "2.3.3",
  "lockfileVersion": 1,
  "requires": true,
  "dependencies": {
    "jquery": {
      "version": "3.3.1",
      "resolved": "https://registry.npmjs.org/jquery/-/jquery-3.3.1.tgz",
      "integrity": "sha512-Ubldcmxp5np52/ENotGxlLe6aGMvmF4R8S6tZjsP6Knsaxd/xp3Zrh50cG93lR6nPXyUFwzN3ZSOQI0wRJNdGg=="
    },
    "semantic-ui-sidebar": {
      "version": "2.3.1",
      "resolved": "https://registry.npmjs.org/semantic-ui-sidebar/-/semantic-ui-sidebar-2.3.1.tgz",
      "integrity": "sha512-9zCSkuspHXwC+o41eYazI8+uXFaJjfrjPH4iJVFMWvUuoJ21L2EM4MceR7BAZ9ybbf+yriTTD/Z7KkEzoYi29Q=="
    }
  }
}
